<?xml version="1.0" encoding="utf-8"?>
<Project ToolsVersion="4.0" xmlns="http://schemas.microsoft.com/developer/msbuild/2003">
  <ItemGroup>
    <ClCompile Include="imageBinarization.cpp" />
    <ClCompile Include="pokerHandCalc.cpp" />
    <ClCompile Include="pokerMain.cpp" />
    <ClCompile Include="cardDetect.cpp" />
    <ClCompile Include="cardFind.cpp" />
    <ClCompile Include="cardDrawBoundary.cpp" />
  </ItemGroup>
  <ItemGroup>
    <ClInclude Include="cardFind.h" />
    <ClInclude Include="pokerHandCalc.h" />
    <ClInclude Include="pokerMain.h" />
    <ClInclude Include="cardDetect.h" />
    <ClInclude Include="imageBinarization.h" />
    <ClInclude Include="cardDrawBoundary.h" />
  </ItemGroup>
</Project>