<?xml version="1.0" encoding="utf-8"?>
<Project ToolsVersion="4.0" xmlns="http://schemas.microsoft.com/developer/msbuild/2003">
  <ItemGroup>
    <ClCompile Include="pokerHandCalc.cpp" />
    <ClCompile Include="pokerMain.cpp" />
    <ClCompile Include="cardDetect.cpp" />
    <ClCompile Include="videocapture.cpp" />
    <ClCompile Include="findCard.cpp" />
  </ItemGroup>
  <ItemGroup>
    <ClInclude Include="pokerHandCalc.h" />
    <ClInclude Include="pokerMain.h" />
    <ClInclude Include="cardDetect.h" />
    <ClInclude Include="videocapture.h" />
    <ClInclude Include="findCard.h" />
  </ItemGroup>
</Project>